
Microsoft Visual Studio Solution File, Format Version 12.00
# Visual Studio Version 17
VisualStudioVersion = 17.12.35707.178
MinimumVisualStudioVersion = 10.0.40219.1
Project("{2150E333-8FDC-42A3-9474-1A3956D46DE8}") = "src", "src", "{2FA7D556-4018-4F7C-9619-7E2142AAF9E0}"
EndProject
Project("{2150E333-8FDC-42A3-9474-1A3956D46DE8}") = "Common", "Common", "{EDB10047-6122-4627-9569-035A8981E037}"
EndProject
Project("{2150E333-8FDC-42A3-9474-1A3956D46DE8}") = "API", "API", "{184D092B-7179-40D7-9C52-C881A04661A7}"
EndProject
Project("{2150E333-8FDC-42A3-9474-1A3956D46DE8}") = "Modules", "Modules", "{9A083451-1B9B-4AFC-9084-BDF711FE5987}"
EndProject
Project("{FAE04EC0-301F-11D3-BF4B-00C04F79EFBC}") = "Lambda.Api", "src\API\Lambda.Api\Lambda.Api.csproj", "{CF2290BE-E446-49FF-BE46-D48B6A68F09C}"
EndProject
Project("{2150E333-8FDC-42A3-9474-1A3956D46DE8}") = "tests", "tests", "{06DA33CF-75E7-4886-8420-F02B335A92F9}"
EndProject
Project("{2150E333-8FDC-42A3-9474-1A3956D46DE8}") = ".files", ".files", "{741E7532-FE5D-4209-86B9-A944F0793B49}"
EndProject
Project("{2150E333-8FDC-42A3-9474-1A3956D46DE8}") = "Solution Items", "Solution Items", "{0684BFDB-541B-4427-B216-460FC6103636}"
	ProjectSection(SolutionItems) = preProject
		.editorconfig.txt = .editorconfig.txt
		Directory.Build.props = Directory.Build.props
	EndProjectSection
EndProject
Project("{2150E333-8FDC-42A3-9474-1A3956D46DE8}") = "Models", "Models", "{7E7BE902-7C9B-4B28-906F-8FF1C7866654}"
EndProject
Project("{2150E333-8FDC-42A3-9474-1A3956D46DE8}") = "Lessons", "Lessons", "{FD42E292-F5FA-44F3-8827-55AFCD2B2386}"
EndProject
Project("{FAE04EC0-301F-11D3-BF4B-00C04F79EFBC}") = "Lambda.Modules.Lessons.Domain", "src\Modules\Lessons\Lambda.Modules.Lessons.Domain\Lambda.Modules.Lessons.Domain.csproj", "{1CC322DA-015A-48A7-94E7-695AAD8045C2}"
EndProject
Project("{FAE04EC0-301F-11D3-BF4B-00C04F79EFBC}") = "Lambda.Common.Domain", "src\Common\Lambda.Common.Domain\Lambda.Common.Domain.csproj", "{5E70EF20-E163-4DBD-ADAC-715FCA5402C1}"
EndProject
Project("{FAE04EC0-301F-11D3-BF4B-00C04F79EFBC}") = "Lambda.Modules.Lessons.Infrastructure", "src\Modules\Lessons\Lambda.Modules.Lessons.Infrastructure\Lambda.Modules.Lessons.Infrastructure.csproj", "{50EF9D19-B654-4C64-877C-BFE5DAB6CF0B}"
EndProject
Project("{FAE04EC0-301F-11D3-BF4B-00C04F79EFBC}") = "Lambda.Modules.Lessons.Presentation", "src\Modules\Lessons\Lambda.Modules.Lessons.Presentation\Lambda.Modules.Lessons.Presentation.csproj", "{4E48B2C8-CCE3-4649-BF02-4C6A6EBF87A7}"
EndProject
Project("{FAE04EC0-301F-11D3-BF4B-00C04F79EFBC}") = "Lambda.Modules.Lessons.Application", "src\Modules\Lessons\Lambda.Modules.Lessons.Application\Lambda.Modules.Lessons.Application.csproj", "{2B699729-E243-4913-B1D4-84BDE7CC3A96}"
EndProject
Project("{E53339B2-1760-4266-BCC7-CA923CBCF16C}") = "docker-compose", "docker-compose.dcproj", "{86108D15-E3EF-4D9F-B30F-1A687471561A}"
EndProject
Project("{FAE04EC0-301F-11D3-BF4B-00C04F79EFBC}") = "Lambda.Common.Application", "src\Common\Lambda.Common.Application\Lambda.Common.Application.csproj", "{B1F41B16-6685-4545-82F8-F3AF18AC9992}"
EndProject
Project("{FAE04EC0-301F-11D3-BF4B-00C04F79EFBC}") = "Lambda.Common.Infrastructure", "src\Common\Lambda.Common.Infrastructure\Lambda.Common.Infrastructure.csproj", "{701FD468-1A98-46A8-89C7-D68245FB642C}"
EndProject
Project("{FAE04EC0-301F-11D3-BF4B-00C04F79EFBC}") = "Lambda.Common.Presentation", "src\Common\Lambda.Common.Presentation\Lambda.Common.Presentation.csproj", "{5D1898C0-5586-48C5-994E-9ACB3EC7CFE0}"
EndProject
Global
	GlobalSection(SolutionConfigurationPlatforms) = preSolution
		Debug|Any CPU = Debug|Any CPU
		Release|Any CPU = Release|Any CPU
	EndGlobalSection
	GlobalSection(ProjectConfigurationPlatforms) = postSolution
		{CF2290BE-E446-49FF-BE46-D48B6A68F09C}.Debug|Any CPU.ActiveCfg = Debug|Any CPU
		{CF2290BE-E446-49FF-BE46-D48B6A68F09C}.Debug|Any CPU.Build.0 = Debug|Any CPU
		{CF2290BE-E446-49FF-BE46-D48B6A68F09C}.Release|Any CPU.ActiveCfg = Release|Any CPU
		{CF2290BE-E446-49FF-BE46-D48B6A68F09C}.Release|Any CPU.Build.0 = Release|Any CPU
		{1CC322DA-015A-48A7-94E7-695AAD8045C2}.Debug|Any CPU.ActiveCfg = Debug|Any CPU
		{1CC322DA-015A-48A7-94E7-695AAD8045C2}.Debug|Any CPU.Build.0 = Debug|Any CPU
		{1CC322DA-015A-48A7-94E7-695AAD8045C2}.Release|Any CPU.ActiveCfg = Release|Any CPU
		{1CC322DA-015A-48A7-94E7-695AAD8045C2}.Release|Any CPU.Build.0 = Release|Any CPU
		{5E70EF20-E163-4DBD-ADAC-715FCA5402C1}.Debug|Any CPU.ActiveCfg = Debug|Any CPU
		{5E70EF20-E163-4DBD-ADAC-715FCA5402C1}.Debug|Any CPU.Build.0 = Debug|Any CPU
		{5E70EF20-E163-4DBD-ADAC-715FCA5402C1}.Release|Any CPU.ActiveCfg = Release|Any CPU
		{5E70EF20-E163-4DBD-ADAC-715FCA5402C1}.Release|Any CPU.Build.0 = Release|Any CPU
		{50EF9D19-B654-4C64-877C-BFE5DAB6CF0B}.Debug|Any CPU.ActiveCfg = Debug|Any CPU
		{50EF9D19-B654-4C64-877C-BFE5DAB6CF0B}.Debug|Any CPU.Build.0 = Debug|Any CPU
		{50EF9D19-B654-4C64-877C-BFE5DAB6CF0B}.Release|Any CPU.ActiveCfg = Release|Any CPU
		{50EF9D19-B654-4C64-877C-BFE5DAB6CF0B}.Release|Any CPU.Build.0 = Release|Any CPU
		{4E48B2C8-CCE3-4649-BF02-4C6A6EBF87A7}.Debug|Any CPU.ActiveCfg = Debug|Any CPU
		{4E48B2C8-CCE3-4649-BF02-4C6A6EBF87A7}.Debug|Any CPU.Build.0 = Debug|Any CPU
		{4E48B2C8-CCE3-4649-BF02-4C6A6EBF87A7}.Release|Any CPU.ActiveCfg = Release|Any CPU
		{4E48B2C8-CCE3-4649-BF02-4C6A6EBF87A7}.Release|Any CPU.Build.0 = Release|Any CPU
		{2B699729-E243-4913-B1D4-84BDE7CC3A96}.Debug|Any CPU.ActiveCfg = Debug|Any CPU
		{2B699729-E243-4913-B1D4-84BDE7CC3A96}.Debug|Any CPU.Build.0 = Debug|Any CPU
		{2B699729-E243-4913-B1D4-84BDE7CC3A96}.Release|Any CPU.ActiveCfg = Release|Any CPU
		{2B699729-E243-4913-B1D4-84BDE7CC3A96}.Release|Any CPU.Build.0 = Release|Any CPU
		{86108D15-E3EF-4D9F-B30F-1A687471561A}.Debug|Any CPU.ActiveCfg = Debug|Any CPU
		{86108D15-E3EF-4D9F-B30F-1A687471561A}.Debug|Any CPU.Build.0 = Debug|Any CPU
		{86108D15-E3EF-4D9F-B30F-1A687471561A}.Release|Any CPU.ActiveCfg = Release|Any CPU
		{86108D15-E3EF-4D9F-B30F-1A687471561A}.Release|Any CPU.Build.0 = Release|Any CPU
		{B1F41B16-6685-4545-82F8-F3AF18AC9992}.Debug|Any CPU.ActiveCfg = Debug|Any CPU
		{B1F41B16-6685-4545-82F8-F3AF18AC9992}.Debug|Any CPU.Build.0 = Debug|Any CPU
		{B1F41B16-6685-4545-82F8-F3AF18AC9992}.Release|Any CPU.ActiveCfg = Release|Any CPU
		{B1F41B16-6685-4545-82F8-F3AF18AC9992}.Release|Any CPU.Build.0 = Release|Any CPU
		{701FD468-1A98-46A8-89C7-D68245FB642C}.Debug|Any CPU.ActiveCfg = Debug|Any CPU
		{701FD468-1A98-46A8-89C7-D68245FB642C}.Debug|Any CPU.Build.0 = Debug|Any CPU
		{701FD468-1A98-46A8-89C7-D68245FB642C}.Release|Any CPU.ActiveCfg = Release|Any CPU
		{701FD468-1A98-46A8-89C7-D68245FB642C}.Release|Any CPU.Build.0 = Release|Any CPU
		{5D1898C0-5586-48C5-994E-9ACB3EC7CFE0}.Debug|Any CPU.ActiveCfg = Debug|Any CPU
		{5D1898C0-5586-48C5-994E-9ACB3EC7CFE0}.Debug|Any CPU.Build.0 = Debug|Any CPU
		{5D1898C0-5586-48C5-994E-9ACB3EC7CFE0}.Release|Any CPU.ActiveCfg = Release|Any CPU
		{5D1898C0-5586-48C5-994E-9ACB3EC7CFE0}.Release|Any CPU.Build.0 = Release|Any CPU
	EndGlobalSection
	GlobalSection(SolutionProperties) = preSolution
		HideSolutionNode = FALSE
	EndGlobalSection
	GlobalSection(NestedProjects) = preSolution
		{EDB10047-6122-4627-9569-035A8981E037} = {2FA7D556-4018-4F7C-9619-7E2142AAF9E0}
		{184D092B-7179-40D7-9C52-C881A04661A7} = {2FA7D556-4018-4F7C-9619-7E2142AAF9E0}
		{9A083451-1B9B-4AFC-9084-BDF711FE5987} = {2FA7D556-4018-4F7C-9619-7E2142AAF9E0}
		{CF2290BE-E446-49FF-BE46-D48B6A68F09C} = {184D092B-7179-40D7-9C52-C881A04661A7}
		{7E7BE902-7C9B-4B28-906F-8FF1C7866654} = {9A083451-1B9B-4AFC-9084-BDF711FE5987}
		{FD42E292-F5FA-44F3-8827-55AFCD2B2386} = {7E7BE902-7C9B-4B28-906F-8FF1C7866654}
		{1CC322DA-015A-48A7-94E7-695AAD8045C2} = {FD42E292-F5FA-44F3-8827-55AFCD2B2386}
		{5E70EF20-E163-4DBD-ADAC-715FCA5402C1} = {EDB10047-6122-4627-9569-035A8981E037}
		{50EF9D19-B654-4C64-877C-BFE5DAB6CF0B} = {FD42E292-F5FA-44F3-8827-55AFCD2B2386}
		{4E48B2C8-CCE3-4649-BF02-4C6A6EBF87A7} = {FD42E292-F5FA-44F3-8827-55AFCD2B2386}
		{2B699729-E243-4913-B1D4-84BDE7CC3A96} = {FD42E292-F5FA-44F3-8827-55AFCD2B2386}
		{B1F41B16-6685-4545-82F8-F3AF18AC9992} = {EDB10047-6122-4627-9569-035A8981E037}
		{701FD468-1A98-46A8-89C7-D68245FB642C} = {EDB10047-6122-4627-9569-035A8981E037}
		{5D1898C0-5586-48C5-994E-9ACB3EC7CFE0} = {EDB10047-6122-4627-9569-035A8981E037}
	EndGlobalSection
EndGlobal
