
Microsoft Visual Studio Solution File, Format Version 12.00
# Visual Studio Version 17
VisualStudioVersion = 17.12.35707.178 d17.12
MinimumVisualStudioVersion = 10.0.40219.1
Project("{2150E333-8FDC-42A3-9474-1A3956D46DE8}") = "src", "src", "{2FA7D556-4018-4F7C-9619-7E2142AAF9E0}"
EndProject
Project("{2150E333-8FDC-42A3-9474-1A3956D46DE8}") = "Common", "Common", "{EDB10047-6122-4627-9569-035A8981E037}"
EndProject
Project("{2150E333-8FDC-42A3-9474-1A3956D46DE8}") = "API", "API", "{184D092B-7179-40D7-9C52-C881A04661A7}"
EndProject
Project("{2150E333-8FDC-42A3-9474-1A3956D46DE8}") = "Modules", "Modules", "{9A083451-1B9B-4AFC-9084-BDF711FE5987}"
EndProject
Project("{FAE04EC0-301F-11D3-BF4B-00C04F79EFBC}") = "Lambda.Api", "src\API\Lambda.Api\Lambda.Api.csproj", "{CF2290BE-E446-49FF-BE46-D48B6A68F09C}"
EndProject
Project("{2150E333-8FDC-42A3-9474-1A3956D46DE8}") = "Lambda.Common.Application", "Lambda.Common.Application", "{5E09933B-5416-42CE-B8D8-45EF7150F52B}"
EndProject
Project("{2150E333-8FDC-42A3-9474-1A3956D46DE8}") = "Lambda.Common.Domain", "Lambda.Common.Domain", "{8F1AA895-00DB-44E2-BD4C-ECD023CD820E}"
EndProject
Project("{2150E333-8FDC-42A3-9474-1A3956D46DE8}") = "Lambda.Common.Infrastructure", "Lambda.Common.Infrastructure", "{7AFBBE3A-09D8-49CA-87AE-86CF834D8CDB}"
EndProject
Project("{2150E333-8FDC-42A3-9474-1A3956D46DE8}") = "Lambda.Common.Presentation", "Lambda.Common.Presentation", "{7A222913-1E4C-4C05-A62B-C389086EEC7F}"
EndProject
Project("{2150E333-8FDC-42A3-9474-1A3956D46DE8}") = "tests", "tests", "{06DA33CF-75E7-4886-8420-F02B335A92F9}"
EndProject
Project("{2150E333-8FDC-42A3-9474-1A3956D46DE8}") = ".files", ".files", "{741E7532-FE5D-4209-86B9-A944F0793B49}"
EndProject
Project("{2150E333-8FDC-42A3-9474-1A3956D46DE8}") = "Solution Items", "Solution Items", "{0684BFDB-541B-4427-B216-460FC6103636}"
	ProjectSection(SolutionItems) = preProject
		.editorconfig = .editorconfig
		Directory.Build.props.txt = Directory.Build.props.txt
	EndProjectSection
EndProject
Project("{2150E333-8FDC-42A3-9474-1A3956D46DE8}") = "Models", "Models", "{7E7BE902-7C9B-4B28-906F-8FF1C7866654}"
EndProject
Project("{2150E333-8FDC-42A3-9474-1A3956D46DE8}") = "Clean Architecture", "Clean Architecture", "{D918C0F0-D6EB-4EE8-9CE2-C49CD4C80ABD}"
EndProject
Project("{2150E333-8FDC-42A3-9474-1A3956D46DE8}") = "ui", "ui", "{29E71050-D2CF-44A2-82CB-63DCBA7A77C4}"
EndProject
Project("{2150E333-8FDC-42A3-9474-1A3956D46DE8}") = "WPF", "WPF", "{46D6C094-4E65-498A-8A5D-FA378CB2F9A6}"
EndProject
Project("{2150E333-8FDC-42A3-9474-1A3956D46DE8}") = "React", "React", "{FE62C891-8750-4E83-97DC-529E50345A9C}"
EndProject
Global
	GlobalSection(SolutionConfigurationPlatforms) = preSolution
		Debug|Any CPU = Debug|Any CPU
		Release|Any CPU = Release|Any CPU
	EndGlobalSection
	GlobalSection(ProjectConfigurationPlatforms) = postSolution
		{CF2290BE-E446-49FF-BE46-D48B6A68F09C}.Debug|Any CPU.ActiveCfg = Debug|Any CPU
		{CF2290BE-E446-49FF-BE46-D48B6A68F09C}.Debug|Any CPU.Build.0 = Debug|Any CPU
		{CF2290BE-E446-49FF-BE46-D48B6A68F09C}.Release|Any CPU.ActiveCfg = Release|Any CPU
		{CF2290BE-E446-49FF-BE46-D48B6A68F09C}.Release|Any CPU.Build.0 = Release|Any CPU
	EndGlobalSection
	GlobalSection(SolutionProperties) = preSolution
		HideSolutionNode = FALSE
	EndGlobalSection
	GlobalSection(NestedProjects) = preSolution
		{EDB10047-6122-4627-9569-035A8981E037} = {2FA7D556-4018-4F7C-9619-7E2142AAF9E0}
		{184D092B-7179-40D7-9C52-C881A04661A7} = {2FA7D556-4018-4F7C-9619-7E2142AAF9E0}
		{9A083451-1B9B-4AFC-9084-BDF711FE5987} = {2FA7D556-4018-4F7C-9619-7E2142AAF9E0}
		{CF2290BE-E446-49FF-BE46-D48B6A68F09C} = {184D092B-7179-40D7-9C52-C881A04661A7}
		{5E09933B-5416-42CE-B8D8-45EF7150F52B} = {EDB10047-6122-4627-9569-035A8981E037}
		{8F1AA895-00DB-44E2-BD4C-ECD023CD820E} = {EDB10047-6122-4627-9569-035A8981E037}
		{7AFBBE3A-09D8-49CA-87AE-86CF834D8CDB} = {EDB10047-6122-4627-9569-035A8981E037}
		{7A222913-1E4C-4C05-A62B-C389086EEC7F} = {EDB10047-6122-4627-9569-035A8981E037}
		{7E7BE902-7C9B-4B28-906F-8FF1C7866654} = {9A083451-1B9B-4AFC-9084-BDF711FE5987}
		{D918C0F0-D6EB-4EE8-9CE2-C49CD4C80ABD} = {7E7BE902-7C9B-4B28-906F-8FF1C7866654}
		{46D6C094-4E65-498A-8A5D-FA378CB2F9A6} = {29E71050-D2CF-44A2-82CB-63DCBA7A77C4}
		{FE62C891-8750-4E83-97DC-529E50345A9C} = {29E71050-D2CF-44A2-82CB-63DCBA7A77C4}
	EndGlobalSection
EndGlobal
